{
  "plugin_type": "extractors",
  "name": "tap-mysql",
  "namespace": "tap_mysql",
  "variant": "transferwise",
  "label": "MySQL/MariaDB",
  "docs": "https://hub.meltano.com/extractors/tap-mysql--transferwise",
  "repo": "https://github.com/transferwise/pipelinewise-tap-mysql",
  "pip_url": "pipelinewise-tap-mysql",
  "description": "MySQL/MariaDB database extractor",
  "logo_url": "https://hub.meltano.com/assets/logos/extractors/mysql.png",
  "capabilities": [
    "catalog",
    "discover",
    "state"
  ],
  "settings_group_validation": [
    [
      "host",
      "port",
      "user",
      "password"
    ]
  ],
  "settings": [
    {
      "name": "host",
      "value": "localhost",
      "label": "Host",
      "description": "The MySQL/MariaDB hostname."
    },
    {
      "name": "port",
      "kind": "integer",
      "value": 3306,
      "label": "Port",
      "description": "The MySQL/MariaDB port."
    },
    {
      "name": "user",
      "label": "User",
      "description": "The MySQL/MariaDB username."
    },
    {
      "name": "password",
      "kind": "password",
      "label": "Password",
      "description": "The MySQL/MariaDB password."
    },
    {
      "name": "database",
      "label": "Database",
      "description": "The MySQL/MariaDB database name."
    },
    {
      "name": "cursorclass",
      "label": "Cursor Class",
      "description": "Cursor class used by PyMYSQL."
    },
    {
      "name": "server_id",
      "kind": "integer",
      "label": "Server ID",
      "description": "Used as the slave id when this tap is connecting to the server."
    },
    {
      "name": "filter_dbs",
      "label": "Filter DBs",
      "description": "Comma separated list of schemas to extract tables only from particular schemas and to improve data extraction performance."
    },
    {
      "name": "use_gtid",
      "kind": "boolean",
      "value": false,
      "label": "Use GTID",
      "description": "Flag to enable log based replication using GTID."
    },
    {
      "name": "engine",
      "value": "mysql",
      "label": "Engine",
      "description": "Indicate which flavor the server is, used for LOG_BASED with GTID. Can be either 'mysql' or 'mariadb'."
    },
    {
      "name": "ssl",
      "kind": "boolean",
      "value": false,
      "label": "SSL",
      "description": "Whether the MySQL/MariaDB connection should use SSL.",
      "value_post_processor": "stringify"
    },
    {
      "name": "ssl_ca",
      "label": "SSL CA",
      "description": "CA for self-signed SSL."
    },
    {
      "name": "ssl_cert",
      "label": "SSL Certificate",
      "description": "Certificate for self-signed SSL."
    },
    {
      "name": "ssl_key",
      "label": "SSL Key",
      "description": "Key for self-signed SSL."
    },
    {
      "name": "internal_hostname",
      "label": "Internal Hostname",
      "description": "Override match hostname for Google cloud."
    },
    {
      "name": "session_sqls",
      "kind": "array",
      "value": [
        "SET @@session.time_zone='+0:00'",
        "SET @@session.wait_timeout=28800",
        "SET @@session.net_read_timeout=3600",
        "SET @@session.innodb_lock_wait_timeout=3600"
      ],
      "label": "Session SQLs",
      "description": "List of SQL commands to run when a connection made. This allows to set session variables dynamically, like timeouts."
    }
  ]
}